// !$*UTF8*$!
{
	archiveVersion = 1;
	classes = {
	};
	objectVersion = 46;
	objects = {

/* Begin PBXBuildFile section */
		E21CA92E19C4B5810028D889 /* Group.m in Sources */ = {isa = PBXBuildFile; fileRef = E21CA92D19C4B5810028D889 /* Group.m */; };
		E245E26419C8EE9800C7C381 /* AssetsLibrary.framework in Frameworks */ = {isa = PBXBuildFile; fileRef = E245E26319C8EE9800C7C381 /* AssetsLibrary.framework */; };
		E245E26A19C8F97800C7C381 /* GROPhotoCollectionViewController.m in Sources */ = {isa = PBXBuildFile; fileRef = E245E26919C8F97800C7C381 /* GROPhotoCollectionViewController.m */; };
		E245E26D19C8FB2100C7C381 /* GROPhotoCell.m in Sources */ = {isa = PBXBuildFile; fileRef = E245E26C19C8FB2100C7C381 /* GROPhotoCell.m */; };
		E245E27019C8FF7400C7C381 /* GROImageViewer.m in Sources */ = {isa = PBXBuildFile; fileRef = E245E26F19C8FF7400C7C381 /* GROImageViewer.m */; };
		E25BBEBD19BE7F0E001D04EC /* GROLoginViewController.m in Sources */ = {isa = PBXBuildFile; fileRef = E25BBEBC19BE7F0E001D04EC /* GROLoginViewController.m */; };
		E25BBEC119BE87DE001D04EC /* GROMyGroupsTableViewController.m in Sources */ = {isa = PBXBuildFile; fileRef = E25BBEC019BE87DE001D04EC /* GROMyGroupsTableViewController.m */; };
		E25BBEC919BE934D001D04EC /* GRORootViewController.m in Sources */ = {isa = PBXBuildFile; fileRef = E25BBEC819BE934D001D04EC /* GRORootViewController.m */; };
		E2703F2619C11A5E005C59A5 /* GROGroupViewController.m in Sources */ = {isa = PBXBuildFile; fileRef = E2703F2519C11A5E005C59A5 /* GROGroupViewController.m */; };
		E2ECC36519BB91C10058F41A /* Foundation.framework in Frameworks */ = {isa = PBXBuildFile; fileRef = E2ECC36419BB91C10058F41A /* Foundation.framework */; };
		E2ECC36719BB91C10058F41A /* CoreGraphics.framework in Frameworks */ = {isa = PBXBuildFile; fileRef = E2ECC36619BB91C10058F41A /* CoreGraphics.framework */; };
		E2ECC36919BB91C10058F41A /* UIKit.framework in Frameworks */ = {isa = PBXBuildFile; fileRef = E2ECC36819BB91C10058F41A /* UIKit.framework */; };
		E2ECC36F19BB91C10058F41A /* InfoPlist.strings in Resources */ = {isa = PBXBuildFile; fileRef = E2ECC36D19BB91C10058F41A /* InfoPlist.strings */; };
		E2ECC37119BB91C10058F41A /* main.m in Sources */ = {isa = PBXBuildFile; fileRef = E2ECC37019BB91C10058F41A /* main.m */; };
		E2ECC37519BB91C10058F41A /* GROAppDelegate.m in Sources */ = {isa = PBXBuildFile; fileRef = E2ECC37419BB91C10058F41A /* GROAppDelegate.m */; };
		E2ECC37819BB91C10058F41A /* Main.storyboard in Resources */ = {isa = PBXBuildFile; fileRef = E2ECC37619BB91C10058F41A /* Main.storyboard */; };
		E2ECC37D19BB91C10058F41A /* Images.xcassets in Resources */ = {isa = PBXBuildFile; fileRef = E2ECC37C19BB91C10058F41A /* Images.xcassets */; };
		E2ECC38419BB91C10058F41A /* XCTest.framework in Frameworks */ = {isa = PBXBuildFile; fileRef = E2ECC38319BB91C10058F41A /* XCTest.framework */; };
		E2ECC38519BB91C10058F41A /* Foundation.framework in Frameworks */ = {isa = PBXBuildFile; fileRef = E2ECC36419BB91C10058F41A /* Foundation.framework */; };
		E2ECC38619BB91C10058F41A /* UIKit.framework in Frameworks */ = {isa = PBXBuildFile; fileRef = E2ECC36819BB91C10058F41A /* UIKit.framework */; };
		E2ECC38E19BB91C10058F41A /* InfoPlist.strings in Resources */ = {isa = PBXBuildFile; fileRef = E2ECC38C19BB91C10058F41A /* InfoPlist.strings */; };
		E2ECC39019BB91C10058F41A /* GrouPicTests.m in Sources */ = {isa = PBXBuildFile; fileRef = E2ECC38F19BB91C10058F41A /* GrouPicTests.m */; };
		E2FCE82F19BFE91100A1949F /* GRORegisterViewController.m in Sources */ = {isa = PBXBuildFile; fileRef = E2FCE82E19BFE91100A1949F /* GRORegisterViewController.m */; };
		E2FCE83219BFF04300A1949F /* GROGroupTableViewCell.m in Sources */ = {isa = PBXBuildFile; fileRef = E2FCE83119BFF04300A1949F /* GROGroupTableViewCell.m */; };
/* End PBXBuildFile section */

/* Begin PBXContainerItemProxy section */
		E2ECC38719BB91C10058F41A /* PBXContainerItemProxy */ = {
			isa = PBXContainerItemProxy;
			containerPortal = E2ECC35919BB91C10058F41A /* Project object */;
			proxyType = 1;
			remoteGlobalIDString = E2ECC36019BB91C10058F41A;
			remoteInfo = GrouPic;
		};
/* End PBXContainerItemProxy section */

/* Begin PBXFileReference section */
		E21CA92C19C4B5810028D889 /* Group.h */ = {isa = PBXFileReference; fileEncoding = 4; lastKnownFileType = sourcecode.c.h; path = Group.h; sourceTree = "<group>"; };
		E21CA92D19C4B5810028D889 /* Group.m */ = {isa = PBXFileReference; fileEncoding = 4; lastKnownFileType = sourcecode.c.objc; path = Group.m; sourceTree = "<group>"; };
		E245E26319C8EE9800C7C381 /* AssetsLibrary.framework */ = {isa = PBXFileReference; lastKnownFileType = wrapper.framework; name = AssetsLibrary.framework; path = System/Library/Frameworks/AssetsLibrary.framework; sourceTree = SDKROOT; };
		E245E26819C8F97800C7C381 /* GROPhotoCollectionViewController.h */ = {isa = PBXFileReference; fileEncoding = 4; lastKnownFileType = sourcecode.c.h; name = GROPhotoCollectionViewController.h; path = ../GROPhotoCollectionViewController.h; sourceTree = "<group>"; };
		E245E26919C8F97800C7C381 /* GROPhotoCollectionViewController.m */ = {isa = PBXFileReference; fileEncoding = 4; lastKnownFileType = sourcecode.c.objc; name = GROPhotoCollectionViewController.m; path = ../GROPhotoCollectionViewController.m; sourceTree = "<group>"; };
		E245E26B19C8FB2100C7C381 /* GROPhotoCell.h */ = {isa = PBXFileReference; fileEncoding = 4; lastKnownFileType = sourcecode.c.h; name = GROPhotoCell.h; path = ../GROPhotoCell.h; sourceTree = "<group>"; };
		E245E26C19C8FB2100C7C381 /* GROPhotoCell.m */ = {isa = PBXFileReference; fileEncoding = 4; lastKnownFileType = sourcecode.c.objc; name = GROPhotoCell.m; path = ../GROPhotoCell.m; sourceTree = "<group>"; };
		E245E26E19C8FF7400C7C381 /* GROImageViewer.h */ = {isa = PBXFileReference; fileEncoding = 4; lastKnownFileType = sourcecode.c.h; path = GROImageViewer.h; sourceTree = "<group>"; };
		E245E26F19C8FF7400C7C381 /* GROImageViewer.m */ = {isa = PBXFileReference; fileEncoding = 4; lastKnownFileType = sourcecode.c.objc; path = GROImageViewer.m; sourceTree = "<group>"; };
		E25BBEBB19BE7F0E001D04EC /* GROLoginViewController.h */ = {isa = PBXFileReference; fileEncoding = 4; lastKnownFileType = sourcecode.c.h; name = GROLoginViewController.h; path = ../GROLoginViewController.h; sourceTree = "<group>"; };
		E25BBEBC19BE7F0E001D04EC /* GROLoginViewController.m */ = {isa = PBXFileReference; fileEncoding = 4; lastKnownFileType = sourcecode.c.objc; name = GROLoginViewController.m; path = ../GROLoginViewController.m; sourceTree = "<group>"; };
		E25BBEBF19BE87DE001D04EC /* GROMyGroupsTableViewController.h */ = {isa = PBXFileReference; fileEncoding = 4; lastKnownFileType = sourcecode.c.h; name = GROMyGroupsTableViewController.h; path = ../GROMyGroupsTableViewController.h; sourceTree = "<group>"; };
		E25BBEC019BE87DE001D04EC /* GROMyGroupsTableViewController.m */ = {isa = PBXFileReference; fileEncoding = 4; lastKnownFileType = sourcecode.c.objc; name = GROMyGroupsTableViewController.m; path = ../GROMyGroupsTableViewController.m; sourceTree = "<group>"; };
		E25BBEC719BE934D001D04EC /* GRORootViewController.h */ = {isa = PBXFileReference; fileEncoding = 4; lastKnownFileType = sourcecode.c.h; path = GRORootViewController.h; sourceTree = "<group>"; };
		E25BBEC819BE934D001D04EC /* GRORootViewController.m */ = {isa = PBXFileReference; fileEncoding = 4; lastKnownFileType = sourcecode.c.objc; path = GRORootViewController.m; sourceTree = "<group>"; };
		E2703F2419C11A5E005C59A5 /* GROGroupViewController.h */ = {isa = PBXFileReference; fileEncoding = 4; lastKnownFileType = sourcecode.c.h; name = GROGroupViewController.h; path = ../GROGroupViewController.h; sourceTree = "<group>"; };
		E2703F2519C11A5E005C59A5 /* GROGroupViewController.m */ = {isa = PBXFileReference; fileEncoding = 4; lastKnownFileType = sourcecode.c.objc; name = GROGroupViewController.m; path = ../GROGroupViewController.m; sourceTree = "<group>"; };
		E2ECC36119BB91C10058F41A /* GrouPic.app */ = {isa = PBXFileReference; explicitFileType = wrapper.application; includeInIndex = 0; path = GrouPic.app; sourceTree = BUILT_PRODUCTS_DIR; };
		E2ECC36419BB91C10058F41A /* Foundation.framework */ = {isa = PBXFileReference; lastKnownFileType = wrapper.framework; name = Foundation.framework; path = System/Library/Frameworks/Foundation.framework; sourceTree = SDKROOT; };
		E2ECC36619BB91C10058F41A /* CoreGraphics.framework */ = {isa = PBXFileReference; lastKnownFileType = wrapper.framework; name = CoreGraphics.framework; path = System/Library/Frameworks/CoreGraphics.framework; sourceTree = SDKROOT; };
		E2ECC36819BB91C10058F41A /* UIKit.framework */ = {isa = PBXFileReference; lastKnownFileType = wrapper.framework; name = UIKit.framework; path = System/Library/Frameworks/UIKit.framework; sourceTree = SDKROOT; };
		E2ECC36C19BB91C10058F41A /* GrouPic-Info.plist */ = {isa = PBXFileReference; lastKnownFileType = text.plist.xml; path = "GrouPic-Info.plist"; sourceTree = "<group>"; };
		E2ECC36E19BB91C10058F41A /* en */ = {isa = PBXFileReference; lastKnownFileType = text.plist.strings; name = en; path = en.lproj/InfoPlist.strings; sourceTree = "<group>"; };
		E2ECC37019BB91C10058F41A /* main.m */ = {isa = PBXFileReference; lastKnownFileType = sourcecode.c.objc; path = main.m; sourceTree = "<group>"; };
		E2ECC37219BB91C10058F41A /* GrouPic-Prefix.pch */ = {isa = PBXFileReference; lastKnownFileType = sourcecode.c.h; path = "GrouPic-Prefix.pch"; sourceTree = "<group>"; };
		E2ECC37319BB91C10058F41A /* GROAppDelegate.h */ = {isa = PBXFileReference; lastKnownFileType = sourcecode.c.h; path = GROAppDelegate.h; sourceTree = "<group>"; };
		E2ECC37419BB91C10058F41A /* GROAppDelegate.m */ = {isa = PBXFileReference; lastKnownFileType = sourcecode.c.objc; path = GROAppDelegate.m; sourceTree = "<group>"; };
		E2ECC37719BB91C10058F41A /* Base */ = {isa = PBXFileReference; lastKnownFileType = file.storyboard; name = Base; path = Base.lproj/Main.storyboard; sourceTree = "<group>"; };
		E2ECC37C19BB91C10058F41A /* Images.xcassets */ = {isa = PBXFileReference; lastKnownFileType = folder.assetcatalog; path = Images.xcassets; sourceTree = "<group>"; };
		E2ECC38219BB91C10058F41A /* GrouPicTests.xctest */ = {isa = PBXFileReference; explicitFileType = wrapper.cfbundle; includeInIndex = 0; path = GrouPicTests.xctest; sourceTree = BUILT_PRODUCTS_DIR; };
		E2ECC38319BB91C10058F41A /* XCTest.framework */ = {isa = PBXFileReference; lastKnownFileType = wrapper.framework; name = XCTest.framework; path = Library/Frameworks/XCTest.framework; sourceTree = DEVELOPER_DIR; };
		E2ECC38B19BB91C10058F41A /* GrouPicTests-Info.plist */ = {isa = PBXFileReference; lastKnownFileType = text.plist.xml; path = "GrouPicTests-Info.plist"; sourceTree = "<group>"; };
		E2ECC38D19BB91C10058F41A /* en */ = {isa = PBXFileReference; lastKnownFileType = text.plist.strings; name = en; path = en.lproj/InfoPlist.strings; sourceTree = "<group>"; };
		E2ECC38F19BB91C10058F41A /* GrouPicTests.m */ = {isa = PBXFileReference; lastKnownFileType = sourcecode.c.objc; path = GrouPicTests.m; sourceTree = "<group>"; };
		E2FCE82D19BFE91100A1949F /* GRORegisterViewController.h */ = {isa = PBXFileReference; fileEncoding = 4; lastKnownFileType = sourcecode.c.h; path = GRORegisterViewController.h; sourceTree = "<group>"; };
		E2FCE82E19BFE91100A1949F /* GRORegisterViewController.m */ = {isa = PBXFileReference; fileEncoding = 4; lastKnownFileType = sourcecode.c.objc; path = GRORegisterViewController.m; sourceTree = "<group>"; };
		E2FCE83019BFF04300A1949F /* GROGroupTableViewCell.h */ = {isa = PBXFileReference; fileEncoding = 4; lastKnownFileType = sourcecode.c.h; path = GROGroupTableViewCell.h; sourceTree = "<group>"; };
		E2FCE83119BFF04300A1949F /* GROGroupTableViewCell.m */ = {isa = PBXFileReference; fileEncoding = 4; lastKnownFileType = sourcecode.c.objc; path = GROGroupTableViewCell.m; sourceTree = "<group>"; };
/* End PBXFileReference section */

/* Begin PBXFrameworksBuildPhase section */
		E2ECC35E19BB91C10058F41A /* Frameworks */ = {
			isa = PBXFrameworksBuildPhase;
			buildActionMask = 2147483647;
			files = (
				E245E26419C8EE9800C7C381 /* AssetsLibrary.framework in Frameworks */,
				E2ECC36719BB91C10058F41A /* CoreGraphics.framework in Frameworks */,
				E2ECC36919BB91C10058F41A /* UIKit.framework in Frameworks */,
				E2ECC36519BB91C10058F41A /* Foundation.framework in Frameworks */,
			);
			runOnlyForDeploymentPostprocessing = 0;
		};
		E2ECC37F19BB91C10058F41A /* Frameworks */ = {
			isa = PBXFrameworksBuildPhase;
			buildActionMask = 2147483647;
			files = (
				E2ECC38419BB91C10058F41A /* XCTest.framework in Frameworks */,
				E2ECC38619BB91C10058F41A /* UIKit.framework in Frameworks */,
				E2ECC38519BB91C10058F41A /* Foundation.framework in Frameworks */,
			);
			runOnlyForDeploymentPostprocessing = 0;
		};
/* End PBXFrameworksBuildPhase section */

/* Begin PBXGroup section */
		E21CA92F19C4B5870028D889 /* Models */ = {
			isa = PBXGroup;
			children = (
				E21CA92C19C4B5810028D889 /* Group.h */,
				E21CA92D19C4B5810028D889 /* Group.m */,
			);
			name = Models;
			sourceTree = "<group>";
		};
		E25BBEBE19BE7F7A001D04EC /* Controllers */ = {
			isa = PBXGroup;
			children = (
				E245E26E19C8FF7400C7C381 /* GROImageViewer.h */,
				E245E26F19C8FF7400C7C381 /* GROImageViewer.m */,
				E245E26819C8F97800C7C381 /* GROPhotoCollectionViewController.h */,
				E245E26919C8F97800C7C381 /* GROPhotoCollectionViewController.m */,
				E2703F2419C11A5E005C59A5 /* GROGroupViewController.h */,
				E2703F2519C11A5E005C59A5 /* GROGroupViewController.m */,
				E2FCE83019BFF04300A1949F /* GROGroupTableViewCell.h */,
				E2FCE83119BFF04300A1949F /* GROGroupTableViewCell.m */,
				E25BBEBF19BE87DE001D04EC /* GROMyGroupsTableViewController.h */,
				E25BBEC019BE87DE001D04EC /* GROMyGroupsTableViewController.m */,
				E25BBEBB19BE7F0E001D04EC /* GROLoginViewController.h */,
				E25BBEBC19BE7F0E001D04EC /* GROLoginViewController.m */,
				E25BBEC719BE934D001D04EC /* GRORootViewController.h */,
				E25BBEC819BE934D001D04EC /* GRORootViewController.m */,
				E2FCE82D19BFE91100A1949F /* GRORegisterViewController.h */,
				E2FCE82E19BFE91100A1949F /* GRORegisterViewController.m */,
			);
			name = Controllers;
			sourceTree = "<group>";
		};
		E2ECC35819BB91C10058F41A = {
			isa = PBXGroup;
			children = (
				E2ECC36A19BB91C10058F41A /* GrouPic */,
				E2ECC38919BB91C10058F41A /* GrouPicTests */,
				E2ECC36319BB91C10058F41A /* Frameworks */,
				E2ECC36219BB91C10058F41A /* Products */,
			);
			sourceTree = "<group>";
		};
		E2ECC36219BB91C10058F41A /* Products */ = {
			isa = PBXGroup;
			children = (
				E2ECC36119BB91C10058F41A /* GrouPic.app */,
				E2ECC38219BB91C10058F41A /* GrouPicTests.xctest */,
			);
			name = Products;
			sourceTree = "<group>";
		};
		E2ECC36319BB91C10058F41A /* Frameworks */ = {
			isa = PBXGroup;
			children = (
				E245E26319C8EE9800C7C381 /* AssetsLibrary.framework */,
				E2ECC36419BB91C10058F41A /* Foundation.framework */,
				E2ECC36619BB91C10058F41A /* CoreGraphics.framework */,
				E2ECC36819BB91C10058F41A /* UIKit.framework */,
				E2ECC38319BB91C10058F41A /* XCTest.framework */,
			);
			name = Frameworks;
			sourceTree = "<group>";
		};
		E2ECC36A19BB91C10058F41A /* GrouPic */ = {
			isa = PBXGroup;
			children = (
				E245E26B19C8FB2100C7C381 /* GROPhotoCell.h */,
				E245E26C19C8FB2100C7C381 /* GROPhotoCell.m */,
				E21CA92F19C4B5870028D889 /* Models */,
				E25BBEBE19BE7F7A001D04EC /* Controllers */,
				E2ECC37319BB91C10058F41A /* GROAppDelegate.h */,
				E2ECC37419BB91C10058F41A /* GROAppDelegate.m */,
				E2ECC37619BB91C10058F41A /* Main.storyboard */,
				E2ECC37C19BB91C10058F41A /* Images.xcassets */,
				E2ECC36B19BB91C10058F41A /* Supporting Files */,
			);
			path = GrouPic;
			sourceTree = "<group>";
		};
		E2ECC36B19BB91C10058F41A /* Supporting Files */ = {
			isa = PBXGroup;
			children = (
				E2ECC36C19BB91C10058F41A /* GrouPic-Info.plist */,
				E2ECC36D19BB91C10058F41A /* InfoPlist.strings */,
				E2ECC37019BB91C10058F41A /* main.m */,
				E2ECC37219BB91C10058F41A /* GrouPic-Prefix.pch */,
			);
			name = "Supporting Files";
			sourceTree = "<group>";
		};
		E2ECC38919BB91C10058F41A /* GrouPicTests */ = {
			isa = PBXGroup;
			children = (
				E2ECC38F19BB91C10058F41A /* GrouPicTests.m */,
				E2ECC38A19BB91C10058F41A /* Supporting Files */,
			);
			path = GrouPicTests;
			sourceTree = "<group>";
		};
		E2ECC38A19BB91C10058F41A /* Supporting Files */ = {
			isa = PBXGroup;
			children = (
				E2ECC38B19BB91C10058F41A /* GrouPicTests-Info.plist */,
				E2ECC38C19BB91C10058F41A /* InfoPlist.strings */,
			);
			name = "Supporting Files";
			sourceTree = "<group>";
		};
/* End PBXGroup section */

/* Begin PBXNativeTarget section */
		E2ECC36019BB91C10058F41A /* GrouPic */ = {
			isa = PBXNativeTarget;
			buildConfigurationList = E2ECC39319BB91C10058F41A /* Build configuration list for PBXNativeTarget "GrouPic" */;
			buildPhases = (
				E2ECC35D19BB91C10058F41A /* Sources */,
				E2ECC35E19BB91C10058F41A /* Frameworks */,
				E2ECC35F19BB91C10058F41A /* Resources */,
			);
			buildRules = (
			);
			dependencies = (
			);
			name = GrouPic;
			productName = GrouPic;
			productReference = E2ECC36119BB91C10058F41A /* GrouPic.app */;
			productType = "com.apple.product-type.application";
		};
		E2ECC38119BB91C10058F41A /* GrouPicTests */ = {
			isa = PBXNativeTarget;
			buildConfigurationList = E2ECC39619BB91C10058F41A /* Build configuration list for PBXNativeTarget "GrouPicTests" */;
			buildPhases = (
				E2ECC37E19BB91C10058F41A /* Sources */,
				E2ECC37F19BB91C10058F41A /* Frameworks */,
				E2ECC38019BB91C10058F41A /* Resources */,
			);
			buildRules = (
			);
			dependencies = (
				E2ECC38819BB91C10058F41A /* PBXTargetDependency */,
			);
			name = GrouPicTests;
			productName = GrouPicTests;
			productReference = E2ECC38219BB91C10058F41A /* GrouPicTests.xctest */;
			productType = "com.apple.product-type.bundle.unit-test";
		};
/* End PBXNativeTarget section */

/* Begin PBXProject section */
		E2ECC35919BB91C10058F41A /* Project object */ = {
			isa = PBXProject;
			attributes = {
				CLASSPREFIX = GRO;
				LastUpgradeCheck = 0510;
				ORGANIZATIONNAME = "GrouPic, inc.";
				TargetAttributes = {
					E2ECC38119BB91C10058F41A = {
						TestTargetID = E2ECC36019BB91C10058F41A;
					};
				};
			};
			buildConfigurationList = E2ECC35C19BB91C10058F41A /* Build configuration list for PBXProject "GrouPic" */;
			compatibilityVersion = "Xcode 3.2";
			developmentRegion = English;
			hasScannedForEncodings = 0;
			knownRegions = (
				en,
				Base,
			);
			mainGroup = E2ECC35819BB91C10058F41A;
			productRefGroup = E2ECC36219BB91C10058F41A /* Products */;
			projectDirPath = "";
			projectRoot = "";
			targets = (
				E2ECC36019BB91C10058F41A /* GrouPic */,
				E2ECC38119BB91C10058F41A /* GrouPicTests */,
			);
		};
/* End PBXProject section */

/* Begin PBXResourcesBuildPhase section */
		E2ECC35F19BB91C10058F41A /* Resources */ = {
			isa = PBXResourcesBuildPhase;
			buildActionMask = 2147483647;
			files = (
				E2ECC37D19BB91C10058F41A /* Images.xcassets in Resources */,
				E2ECC36F19BB91C10058F41A /* InfoPlist.strings in Resources */,
				E2ECC37819BB91C10058F41A /* Main.storyboard in Resources */,
			);
			runOnlyForDeploymentPostprocessing = 0;
		};
		E2ECC38019BB91C10058F41A /* Resources */ = {
			isa = PBXResourcesBuildPhase;
			buildActionMask = 2147483647;
			files = (
				E2ECC38E19BB91C10058F41A /* InfoPlist.strings in Resources */,
			);
			runOnlyForDeploymentPostprocessing = 0;
		};
/* End PBXResourcesBuildPhase section */

/* Begin PBXSourcesBuildPhase section */
		E2ECC35D19BB91C10058F41A /* Sources */ = {
			isa = PBXSourcesBuildPhase;
			buildActionMask = 2147483647;
			files = (
				E2FCE82F19BFE91100A1949F /* GRORegisterViewController.m in Sources */,
				E25BBEC919BE934D001D04EC /* GRORootViewController.m in Sources */,
				E2FCE83219BFF04300A1949F /* GROGroupTableViewCell.m in Sources */,
				E25BBEC119BE87DE001D04EC /* GROMyGroupsTableViewController.m in Sources */,
				E25BBEBD19BE7F0E001D04EC /* GROLoginViewController.m in Sources */,
				E2ECC37119BB91C10058F41A /* main.m in Sources */,
				E245E26A19C8F97800C7C381 /* GROPhotoCollectionViewController.m in Sources */,
				E21CA92E19C4B5810028D889 /* Group.m in Sources */,
				E245E27019C8FF7400C7C381 /* GROImageViewer.m in Sources */,
				E2ECC37519BB91C10058F41A /* GROAppDelegate.m in Sources */,
				E2703F2619C11A5E005C59A5 /* GROGroupViewController.m in Sources */,
				E245E26D19C8FB2100C7C381 /* GROPhotoCell.m in Sources */,
			);
			runOnlyForDeploymentPostprocessing = 0;
		};
		E2ECC37E19BB91C10058F41A /* Sources */ = {
			isa = PBXSourcesBuildPhase;
			buildActionMask = 2147483647;
			files = (
				E2ECC39019BB91C10058F41A /* GrouPicTests.m in Sources */,
			);
			runOnlyForDeploymentPostprocessing = 0;
		};
/* End PBXSourcesBuildPhase section */

/* Begin PBXTargetDependency section */
		E2ECC38819BB91C10058F41A /* PBXTargetDependency */ = {
			isa = PBXTargetDependency;
			target = E2ECC36019BB91C10058F41A /* GrouPic */;
			targetProxy = E2ECC38719BB91C10058F41A /* PBXContainerItemProxy */;
		};
/* End PBXTargetDependency section */

/* Begin PBXVariantGroup section */
		E2ECC36D19BB91C10058F41A /* InfoPlist.strings */ = {
			isa = PBXVariantGroup;
			children = (
				E2ECC36E19BB91C10058F41A /* en */,
			);
			name = InfoPlist.strings;
			sourceTree = "<group>";
		};
		E2ECC37619BB91C10058F41A /* Main.storyboard */ = {
			isa = PBXVariantGroup;
			children = (
				E2ECC37719BB91C10058F41A /* Base */,
			);
			name = Main.storyboard;
			sourceTree = "<group>";
		};
		E2ECC38C19BB91C10058F41A /* InfoPlist.strings */ = {
			isa = PBXVariantGroup;
			children = (
				E2ECC38D19BB91C10058F41A /* en */,
			);
			name = InfoPlist.strings;
			sourceTree = "<group>";
		};
/* End PBXVariantGroup section */

/* Begin XCBuildConfiguration section */
		E2ECC39119BB91C10058F41A /* Debug */ = {
			isa = XCBuildConfiguration;
			buildSettings = {
				ALWAYS_SEARCH_USER_PATHS = NO;
				CLANG_CXX_LANGUAGE_STANDARD = "gnu++0x";
				CLANG_CXX_LIBRARY = "libc++";
				CLANG_ENABLE_MODULES = YES;
				CLANG_ENABLE_OBJC_ARC = YES;
				CLANG_WARN_BOOL_CONVERSION = YES;
				CLANG_WARN_CONSTANT_CONVERSION = YES;
				CLANG_WARN_DIRECT_OBJC_ISA_USAGE = YES_ERROR;
				CLANG_WARN_EMPTY_BODY = YES;
				CLANG_WARN_ENUM_CONVERSION = YES;
				CLANG_WARN_INT_CONVERSION = YES;
				CLANG_WARN_OBJC_ROOT_CLASS = YES_ERROR;
				CLANG_WARN__DUPLICATE_METHOD_MATCH = YES;
				"CODE_SIGN_IDENTITY[sdk=iphoneos*]" = "iPhone Developer";
				COPY_PHASE_STRIP = NO;
				GCC_C_LANGUAGE_STANDARD = gnu99;
				GCC_DYNAMIC_NO_PIC = NO;
				GCC_OPTIMIZATION_LEVEL = 0;
				GCC_PREPROCESSOR_DEFINITIONS = (
					"DEBUG=1",
					"$(inherited)",
				);
				GCC_SYMBOLS_PRIVATE_EXTERN = NO;
				GCC_WARN_64_TO_32_BIT_CONVERSION = YES;
				GCC_WARN_ABOUT_RETURN_TYPE = YES_ERROR;
				GCC_WARN_UNDECLARED_SELECTOR = YES;
				GCC_WARN_UNINITIALIZED_AUTOS = YES_AGGRESSIVE;
				GCC_WARN_UNUSED_FUNCTION = YES;
				GCC_WARN_UNUSED_VARIABLE = YES;
				IPHONEOS_DEPLOYMENT_TARGET = 7.1;
				ONLY_ACTIVE_ARCH = YES;
				SDKROOT = iphoneos;
			};
			name = Debug;
		};
		E2ECC39219BB91C10058F41A /* Release */ = {
			isa = XCBuildConfiguration;
			buildSettings = {
				ALWAYS_SEARCH_USER_PATHS = NO;
				CLANG_CXX_LANGUAGE_STANDARD = "gnu++0x";
				CLANG_CXX_LIBRARY = "libc++";
				CLANG_ENABLE_MODULES = YES;
				CLANG_ENABLE_OBJC_ARC = YES;
				CLANG_WARN_BOOL_CONVERSION = YES;
				CLANG_WARN_CONSTANT_CONVERSION = YES;
				CLANG_WARN_DIRECT_OBJC_ISA_USAGE = YES_ERROR;
				CLANG_WARN_EMPTY_BODY = YES;
				CLANG_WARN_ENUM_CONVERSION = YES;
				CLANG_WARN_INT_CONVERSION = YES;
				CLANG_WARN_OBJC_ROOT_CLASS = YES_ERROR;
				CLANG_WARN__DUPLICATE_METHOD_MATCH = YES;
				"CODE_SIGN_IDENTITY[sdk=iphoneos*]" = "iPhone Developer";
				COPY_PHASE_STRIP = YES;
				ENABLE_NS_ASSERTIONS = NO;
				GCC_C_LANGUAGE_STANDARD = gnu99;
				GCC_WARN_64_TO_32_BIT_CONVERSION = YES;
				GCC_WARN_ABOUT_RETURN_TYPE = YES_ERROR;
				GCC_WARN_UNDECLARED_SELECTOR = YES;
				GCC_WARN_UNINITIALIZED_AUTOS = YES_AGGRESSIVE;
				GCC_WARN_UNUSED_FUNCTION = YES;
				GCC_WARN_UNUSED_VARIABLE = YES;
				IPHONEOS_DEPLOYMENT_TARGET = 7.1;
				SDKROOT = iphoneos;
				VALIDATE_PRODUCT = YES;
			};
			name = Release;
		};
		E2ECC39419BB91C10058F41A /* Debug */ = {
			isa = XCBuildConfiguration;
			buildSettings = {
				ASSETCATALOG_COMPILER_APPICON_NAME = AppIcon;
				ASSETCATALOG_COMPILER_LAUNCHIMAGE_NAME = LaunchImage;
				GCC_PRECOMPILE_PREFIX_HEADER = YES;
				GCC_PREFIX_HEADER = "GrouPic/GrouPic-Prefix.pch";
				INFOPLIST_FILE = "GrouPic/GrouPic-Info.plist";
				PRODUCT_NAME = "$(TARGET_NAME)";
				PROVISIONING_PROFILE = "400cd2fd-d36a-40b9-849c-3ad9c4224322";
				WRAPPER_EXTENSION = app;
			};
			name = Debug;
		};
		E2ECC39519BB91C10058F41A /* Release */ = {
			isa = XCBuildConfiguration;
			buildSettings = {
				ASSETCATALOG_COMPILER_APPICON_NAME = AppIcon;
				ASSETCATALOG_COMPILER_LAUNCHIMAGE_NAME = LaunchImage;
				GCC_PRECOMPILE_PREFIX_HEADER = YES;
				GCC_PREFIX_HEADER = "GrouPic/GrouPic-Prefix.pch";
				INFOPLIST_FILE = "GrouPic/GrouPic-Info.plist";
				PRODUCT_NAME = "$(TARGET_NAME)";
				PROVISIONING_PROFILE = "400cd2fd-d36a-40b9-849c-3ad9c4224322";
				WRAPPER_EXTENSION = app;
			};
			name = Release;
		};
		E2ECC39719BB91C10058F41A /* Debug */ = {
			isa = XCBuildConfiguration;
			buildSettings = {
				BUNDLE_LOADER = "$(BUILT_PRODUCTS_DIR)/GrouPic.app/GrouPic";
				FRAMEWORK_SEARCH_PATHS = (
					"$(SDKROOT)/Developer/Library/Frameworks",
					"$(inherited)",
					"$(DEVELOPER_FRAMEWORKS_DIR)",
				);
				GCC_PRECOMPILE_PREFIX_HEADER = YES;
				GCC_PREFIX_HEADER = "GrouPic/GrouPic-Prefix.pch";
				GCC_PREPROCESSOR_DEFINITIONS = (
					"DEBUG=1",
					"$(inherited)",
				);
				INFOPLIST_FILE = "GrouPicTests/GrouPicTests-Info.plist";
				PRODUCT_NAME = "$(TARGET_NAME)";
				TEST_HOST = "$(BUNDLE_LOADER)";
				WRAPPER_EXTENSION = xctest;
			};
			name = Debug;
		};
		E2ECC39819BB91C10058F41A /* Release */ = {
			isa = XCBuildConfiguration;
			buildSettings = {
				BUNDLE_LOADER = "$(BUILT_PRODUCTS_DIR)/GrouPic.app/GrouPic";
				FRAMEWORK_SEARCH_PATHS = (
					"$(SDKROOT)/Developer/Library/Frameworks",
					"$(inherited)",
					"$(DEVELOPER_FRAMEWORKS_DIR)",
				);
				GCC_PRECOMPILE_PREFIX_HEADER = YES;
				GCC_PREFIX_HEADER = "GrouPic/GrouPic-Prefix.pch";
				INFOPLIST_FILE = "GrouPicTests/GrouPicTests-Info.plist";
				PRODUCT_NAME = "$(TARGET_NAME)";
				TEST_HOST = "$(BUNDLE_LOADER)";
				WRAPPER_EXTENSION = xctest;
			};
			name = Release;
		};
/* End XCBuildConfiguration section */

/* Begin XCConfigurationList section */
		E2ECC35C19BB91C10058F41A /* Build configuration list for PBXProject "GrouPic" */ = {
			isa = XCConfigurationList;
			buildConfigurations = (
				E2ECC39119BB91C10058F41A /* Debug */,
				E2ECC39219BB91C10058F41A /* Release */,
			);
			defaultConfigurationIsVisible = 0;
			defaultConfigurationName = Release;
		};
		E2ECC39319BB91C10058F41A /* Build configuration list for PBXNativeTarget "GrouPic" */ = {
			isa = XCConfigurationList;
			buildConfigurations = (
				E2ECC39419BB91C10058F41A /* Debug */,
				E2ECC39519BB91C10058F41A /* Release */,
			);
			defaultConfigurationIsVisible = 0;
			defaultConfigurationName = Release;
		};
		E2ECC39619BB91C10058F41A /* Build configuration list for PBXNativeTarget "GrouPicTests" */ = {
			isa = XCConfigurationList;
			buildConfigurations = (
				E2ECC39719BB91C10058F41A /* Debug */,
				E2ECC39819BB91C10058F41A /* Release */,
			);
			defaultConfigurationIsVisible = 0;
			defaultConfigurationName = Release;
		};
/* End XCConfigurationList section */
	};
	rootObject = E2ECC35919BB91C10058F41A /* Project object */;
}
